{
  "originHash" : "6612b94ccd4ae7160e6b527e371ce95be4d5d5cf440974b11e840a8eb208dbda",
  "pins" : [
    {
      "identity" : "e5data",
      "kind" : "remoteSourceControl",
      "location" : "https://github.com/mr-elbe5/E5Data.git",
      "state" : {
        "revision" : "c1a53b09b7750a1ba6b1356ca9342ab2d531f45e",
        "version" : "1.0.26"
      }
    }
  ],
  "version" : 3
}
