{
  "originHash" : "6612b94ccd4ae7160e6b527e371ce95be4d5d5cf440974b11e840a8eb208dbda",
  "pins" : [
    {
      "identity" : "e5data",
      "kind" : "remoteSourceControl",
      "location" : "https://github.com/mr-elbe5/E5Data.git",
      "state" : {
        "revision" : "779fe8873c41c5895fedf163331d1436eaaaa60c",
        "version" : "1.0.27"
      }
    }
  ],
  "version" : 3
}
